
Microsoft Visual Studio Solution File, Format Version 12.00
# Visual Studio Version 16
VisualStudioVersion = 16.0.28922.388
MinimumVisualStudioVersion = 10.0.40219.1
Project("{FAE04EC0-301F-11D3-BF4B-00C04F79EFBC}") = "CircumferenceAdam", "CircumferenceAdam\CircumferenceAdam.csproj", "{FBE9CB72-3DDF-4062-8A7C-E6DA0B2A8808}"
EndProject
Global
	GlobalSection(SolutionConfigurationPlatforms) = preSolution
		Debug|Any CPU = Debug|Any CPU
		Release|Any CPU = Release|Any CPU
	EndGlobalSection
	GlobalSection(ProjectConfigurationPlatforms) = postSolution
		{FBE9CB72-3DDF-4062-8A7C-E6DA0B2A8808}.Debug|Any CPU.ActiveCfg = Debug|Any CPU
		{FBE9CB72-3DDF-4062-8A7C-E6DA0B2A8808}.Debug|Any CPU.Build.0 = Debug|Any CPU
		{FBE9CB72-3DDF-4062-8A7C-E6DA0B2A8808}.Release|Any CPU.ActiveCfg = Release|Any CPU
		{FBE9CB72-3DDF-4062-8A7C-E6DA0B2A8808}.Release|Any CPU.Build.0 = Release|Any CPU
	EndGlobalSection
	GlobalSection(SolutionProperties) = preSolution
		HideSolutionNode = FALSE
	EndGlobalSection
	GlobalSection(ExtensibilityGlobals) = postSolution
		SolutionGuid = {7C77A497-A31C-432F-B6B8-AD1012E8CCFA}
	EndGlobalSection
EndGlobal
