
Microsoft Visual Studio Solution File, Format Version 12.00
# Visual Studio Version 16
VisualStudioVersion = 16.0.28922.388
MinimumVisualStudioVersion = 10.0.40219.1
Project("{FAE04EC0-301F-11D3-BF4B-00C04F79EFBC}") = "SchoolMascot", "SchoolMascot\SchoolMascot.csproj", "{54EDD01E-F0EF-484B-A71A-01F433BFF643}"
EndProject
Global
	GlobalSection(SolutionConfigurationPlatforms) = preSolution
		Debug|Any CPU = Debug|Any CPU
		Release|Any CPU = Release|Any CPU
	EndGlobalSection
	GlobalSection(ProjectConfigurationPlatforms) = postSolution
		{54EDD01E-F0EF-484B-A71A-01F433BFF643}.Debug|Any CPU.ActiveCfg = Debug|Any CPU
		{54EDD01E-F0EF-484B-A71A-01F433BFF643}.Debug|Any CPU.Build.0 = Debug|Any CPU
		{54EDD01E-F0EF-484B-A71A-01F433BFF643}.Release|Any CPU.ActiveCfg = Release|Any CPU
		{54EDD01E-F0EF-484B-A71A-01F433BFF643}.Release|Any CPU.Build.0 = Release|Any CPU
	EndGlobalSection
	GlobalSection(SolutionProperties) = preSolution
		HideSolutionNode = FALSE
	EndGlobalSection
	GlobalSection(ExtensibilityGlobals) = postSolution
		SolutionGuid = {CD1BCBD1-BEED-41C2-BF7D-EB030EE3BDE0}
	EndGlobalSection
EndGlobal
